// !$*UTF8*$!
{
	archiveVersion = 1;
	classes = {
	};
	objectVersion = 46;
	objects = {

/* Begin PBXBuildFile section */
		80398D6920289B6300010C49 /* GUIEvents.cpp in Sources */ = {isa = PBXBuildFile; fileRef = 80398D6820289B6300010C49 /* GUIEvents.cpp */; };
		80398D6D202A025900010C49 /* Coin.cpp in Sources */ = {isa = PBXBuildFile; fileRef = 80398D6B202A025800010C49 /* Coin.cpp */; };
		80398F2C202C516A00010C49 /* DeathBlock.cpp in Sources */ = {isa = PBXBuildFile; fileRef = 80398F2B202C516A00010C49 /* DeathBlock.cpp */; };
		8040FAD81FFF76FA004B3A5C /* libassimp.4.1.0.dylib in Frameworks */ = {isa = PBXBuildFile; fileRef = 8040FAD71FFF76FA004B3A5C /* libassimp.4.1.0.dylib */; };
		8040FADA1FFF7703004B3A5C /* libfreeimage.a in Frameworks */ = {isa = PBXBuildFile; fileRef = 8040FAD91FFF7703004B3A5C /* libfreeimage.a */; };
		805A7472200A620D0057761B /* VertexBuffer.cpp in Sources */ = {isa = PBXBuildFile; fileRef = 80D3168C1FEBE2E10079DD72 /* VertexBuffer.cpp */; };
		805A7474200A620D0057761B /* Framebuffer.cpp in Sources */ = {isa = PBXBuildFile; fileRef = 80D316801FEBE2E00079DD72 /* Framebuffer.cpp */; };
		805A7476200A620D0057761B /* IndexBuffer.cpp in Sources */ = {isa = PBXBuildFile; fileRef = 80D3169A1FEBE2E30079DD72 /* IndexBuffer.cpp */; };
		805A7478200A620D0057761B /* Tank.cpp in Sources */ = {isa = PBXBuildFile; fileRef = 80D316A01FEBE2E40079DD72 /* Tank.cpp */; };
		805A747A200A620D0057761B /* Camera.cpp in Sources */ = {isa = PBXBuildFile; fileRef = 80D3167F1FEBE2E00079DD72 /* Camera.cpp */; };
		805A747C200A620D0057761B /* Texture.cpp in Sources */ = {isa = PBXBuildFile; fileRef = 80D316841FEBE2E00079DD72 /* Texture.cpp */; };
		805A747E200A620D0057761B /* Aabb.cpp in Sources */ = {isa = PBXBuildFile; fileRef = 80D3167E1FEBE2E00079DD72 /* Aabb.cpp */; };
		805A7480200A620D0057761B /* Lights.cpp in Sources */ = {isa = PBXBuildFile; fileRef = 80D3169E1FEBE2E40079DD72 /* Lights.cpp */; };
		805A7482200A620D0057761B /* EgoCam.cpp in Sources */ = {isa = PBXBuildFile; fileRef = 80E003941FED3E6000601BEA /* EgoCam.cpp */; };
		805A7484200A620D0057761B /* DebugRender.cpp in Sources */ = {isa = PBXBuildFile; fileRef = 80E003991FED412D00601BEA /* DebugRender.cpp */; };
		805A7486200A620D0057761B /* Vector.cpp in Sources */ = {isa = PBXBuildFile; fileRef = 80D316821FEBE2E00079DD72 /* Vector.cpp */; };
		805A7488200A620D0057761B /* Matrix.cpp in Sources */ = {isa = PBXBuildFile; fileRef = 80D3167C1FEBE2DF0079DD72 /* Matrix.cpp */; };
		805A748A200A620D0057761B /* BaseModel.cpp in Sources */ = {isa = PBXBuildFile; fileRef = 80D3168E1FEBE2E20079DD72 /* BaseModel.cpp */; };
		805A748C200A620D0057761B /* TriangleBoxModel.cpp in Sources */ = {isa = PBXBuildFile; fileRef = 80D316931FEBE2E20079DD72 /* TriangleBoxModel.cpp */; };
		805A748E200A620D0057761B /* TrianglePlaneModel.cpp in Sources */ = {isa = PBXBuildFile; fileRef = 80D3168B1FEBE2E10079DD72 /* TrianglePlaneModel.cpp */; };
		805A7490200A620D0057761B /* TriangleSphereModel.cpp in Sources */ = {isa = PBXBuildFile; fileRef = 80D3169B1FEBE2E40079DD72 /* TriangleSphereModel.cpp */; };
		805A7492200A620D0057761B /* Model.cpp in Sources */ = {isa = PBXBuildFile; fileRef = 80D316911FEBE2E20079DD72 /* Model.cpp */; };
		805A7494200A620D0057761B /* LineBoxModel.cpp in Sources */ = {isa = PBXBuildFile; fileRef = 80D3169D1FEBE2E40079DD72 /* LineBoxModel.cpp */; };
		805A7496200A620D0057761B /* LinePlaneModel.cpp in Sources */ = {isa = PBXBuildFile; fileRef = 80D316871FEBE2E10079DD72 /* LinePlaneModel.cpp */; };
		805A7498200A620D0057761B /* ConstantShader.cpp in Sources */ = {isa = PBXBuildFile; fileRef = 80D316831FEBE2E00079DD72 /* ConstantShader.cpp */; };
		805A749A200A620D0057761B /* BaseShader.cpp in Sources */ = {isa = PBXBuildFile; fileRef = 80D3167B1FEBE2DF0079DD72 /* BaseShader.cpp */; };
		805A749C200A620D0057761B /* PhongShader.cpp in Sources */ = {isa = PBXBuildFile; fileRef = 80D316781FEBE2DF0079DD72 /* PhongShader.cpp */; };
		805A749E200A620D0057761B /* ShaderLightMapper.cpp in Sources */ = {isa = PBXBuildFile; fileRef = 80D3168F1FEBE2E20079DD72 /* ShaderLightMapper.cpp */; };
		805A74A0200A620D0057761B /* ShadowMapGenerator.cpp in Sources */ = {isa = PBXBuildFile; fileRef = 80D316811FEBE2E00079DD72 /* ShadowMapGenerator.cpp */; };
		805A74A2200A620D0057761B /* Color.cpp in Sources */ = {isa = PBXBuildFile; fileRef = 80D316A41FEBE2E50079DD72 /* Color.cpp */; };
		805A74A4200A620D0057761B /* Rgbimage.cpp in Sources */ = {isa = PBXBuildFile; fileRef = 80D316741FEBE2DF0079DD72 /* Rgbimage.cpp */; };
		805A74A5200A620D0057761B /* main.cpp in Sources */ = {isa = PBXBuildFile; fileRef = 80D316941FEBE2E30079DD72 /* main.cpp */; };
		805A74A7200A620D0057761B /* Application.cpp in Sources */ = {isa = PBXBuildFile; fileRef = 80D316A21FEBE2E50079DD72 /* Application.cpp */; };
		808232FC2007EE6F00B3A6A0 /* libglfw.3.3.dylib in Frameworks */ = {isa = PBXBuildFile; fileRef = 8040FADB1FFF770C004B3A5C /* libglfw.3.3.dylib */; };
		809B2BDD202EC9A3005C708C /* OutlineShader.cpp in Sources */ = {isa = PBXBuildFile; fileRef = 809B2BDC202EC9A3005C708C /* OutlineShader.cpp */; };
		809B2BE1202F14D2005C708C /* Scene.cpp in Sources */ = {isa = PBXBuildFile; fileRef = 809B2BE0202F14D2005C708C /* Scene.cpp */; };
		809B2BE5202F1F4A005C708C /* SceneNode.cpp in Sources */ = {isa = PBXBuildFile; fileRef = 809B2BE4202F1F4A005C708C /* SceneNode.cpp */; };
		80D316F31FEBE8820079DD72 /* OpenGL.framework in Frameworks */ = {isa = PBXBuildFile; fileRef = 80D316F21FEBE8820079DD72 /* OpenGL.framework */; };
/* End PBXBuildFile section */

/* Begin PBXCopyFilesBuildPhase section */
		7ABD816A1DA3C6050008D349 /* CopyFiles */ = {
			isa = PBXCopyFilesBuildPhase;
			buildActionMask = 2147483647;
			dstPath = /usr/share/man/man1/;
			dstSubfolderSpec = 0;
			files = (
			);
			runOnlyForDeploymentPostprocessing = 1;
		};
/* End PBXCopyFilesBuildPhase section */

/* Begin PBXFileReference section */
		80398D6720289B0900010C49 /* GUIEvents.h */ = {isa = PBXFileReference; lastKnownFileType = sourcecode.c.h; name = GUIEvents.h; path = ../src/GUIEvents.h; sourceTree = "<group>"; };
		80398D6820289B6300010C49 /* GUIEvents.cpp */ = {isa = PBXFileReference; lastKnownFileType = sourcecode.cpp.cpp; name = GUIEvents.cpp; path = ../src/GUIEvents.cpp; sourceTree = "<group>"; };
		80398D6A20289C1D00010C49 /* Constants.h */ = {isa = PBXFileReference; lastKnownFileType = sourcecode.c.h; name = Constants.h; path = ../src/Constants.h; sourceTree = "<group>"; };
		80398D6B202A025800010C49 /* Coin.cpp */ = {isa = PBXFileReference; lastKnownFileType = sourcecode.cpp.cpp; name = Coin.cpp; path = ../src/Coin.cpp; sourceTree = "<group>"; };
		80398F27202B684800010C49 /* CGXcode */ = {isa = PBXFileReference; explicitFileType = "compiled.mach-o.executable"; includeInIndex = 0; path = CGXcode; sourceTree = BUILT_PRODUCTS_DIR; };
		80398F28202B7C8800010C49 /* Coin.h */ = {isa = PBXFileReference; lastKnownFileType = sourcecode.c.h; name = Coin.h; path = ../src/Coin.h; sourceTree = "<group>"; };
		80398F2A202C514100010C49 /* DeathBlock.h */ = {isa = PBXFileReference; lastKnownFileType = sourcecode.c.h; name = DeathBlock.h; path = ../src/DeathBlock.h; sourceTree = "<group>"; };
		80398F2B202C516A00010C49 /* DeathBlock.cpp */ = {isa = PBXFileReference; lastKnownFileType = sourcecode.cpp.cpp; name = DeathBlock.cpp; path = ../src/DeathBlock.cpp; sourceTree = "<group>"; };
		8040FAD71FFF76FA004B3A5C /* libassimp.4.1.0.dylib */ = {isa = PBXFileReference; lastKnownFileType = "compiled.mach-o.dylib"; name = libassimp.4.1.0.dylib; path = thirdparty/assimp/libassimp.4.1.0.dylib; sourceTree = "<group>"; };
		8040FAD91FFF7703004B3A5C /* libfreeimage.a */ = {isa = PBXFileReference; lastKnownFileType = archive.ar; name = libfreeimage.a; path = thirdparty/freeimage/libfreeimage.a; sourceTree = "<group>"; };
		8040FADB1FFF770C004B3A5C /* libglfw.3.3.dylib */ = {isa = PBXFileReference; lastKnownFileType = "compiled.mach-o.dylib"; name = libglfw.3.3.dylib; path = thirdparty/glfw/libglfw.3.3.dylib; sourceTree = "<group>"; };
		808232F42007E72800B3A6A0 /* libglfw.3.dylib */ = {isa = PBXFileReference; lastKnownFileType = "compiled.mach-o.dylib"; name = libglfw.3.dylib; path = thirdparty/glfw/libglfw.3.dylib; sourceTree = "<group>"; };
		809B2BDC202EC9A3005C708C /* OutlineShader.cpp */ = {isa = PBXFileReference; lastKnownFileType = sourcecode.cpp.cpp; name = OutlineShader.cpp; path = ../src/OutlineShader.cpp; sourceTree = "<group>"; };
		809B2BDE202EC9B9005C708C /* OutlineShader.h */ = {isa = PBXFileReference; lastKnownFileType = sourcecode.c.h; name = OutlineShader.h; path = ../src/OutlineShader.h; sourceTree = "<group>"; };
		809B2BDF202F14BE005C708C /* Scene.h */ = {isa = PBXFileReference; lastKnownFileType = sourcecode.c.h; name = Scene.h; path = ../src/Scene.h; sourceTree = "<group>"; };
		809B2BE0202F14D2005C708C /* Scene.cpp */ = {isa = PBXFileReference; lastKnownFileType = sourcecode.cpp.cpp; name = Scene.cpp; path = ../src/Scene.cpp; sourceTree = "<group>"; };
		809B2BE3202F1E6B005C708C /* SceneNode.h */ = {isa = PBXFileReference; lastKnownFileType = sourcecode.c.h; name = SceneNode.h; path = ../src/SceneNode.h; sourceTree = "<group>"; };
		809B2BE4202F1F4A005C708C /* SceneNode.cpp */ = {isa = PBXFileReference; lastKnownFileType = sourcecode.cpp.cpp; name = SceneNode.cpp; path = ../src/SceneNode.cpp; sourceTree = "<group>"; };
		80D316731FEBE2DF0079DD72 /* BaseShader.h */ = {isa = PBXFileReference; lastKnownFileType = sourcecode.c.h; name = BaseShader.h; path = ../src/BaseShader.h; sourceTree = "<group>"; };
		80D316741FEBE2DF0079DD72 /* Rgbimage.cpp */ = {isa = PBXFileReference; lastKnownFileType = sourcecode.cpp.cpp; name = Rgbimage.cpp; path = ../src/Rgbimage.cpp; sourceTree = "<group>"; };
		80D316751FEBE2DF0079DD72 /* BaseModel.h */ = {isa = PBXFileReference; lastKnownFileType = sourcecode.c.h; name = BaseModel.h; path = ../src/BaseModel.h; sourceTree = "<group>"; };
		80D316761FEBE2DF0079DD72 /* LineBoxModel.h */ = {isa = PBXFileReference; lastKnownFileType = sourcecode.c.h; name = LineBoxModel.h; path = ../src/LineBoxModel.h; sourceTree = "<group>"; };
		80D316771FEBE2DF0079DD72 /* LinePlaneModel.h */ = {isa = PBXFileReference; lastKnownFileType = sourcecode.c.h; name = LinePlaneModel.h; path = ../src/LinePlaneModel.h; sourceTree = "<group>"; };
		80D316781FEBE2DF0079DD72 /* PhongShader.cpp */ = {isa = PBXFileReference; lastKnownFileType = sourcecode.cpp.cpp; name = PhongShader.cpp; path = ../src/PhongShader.cpp; sourceTree = "<group>"; };
		80D316791FEBE2DF0079DD72 /* ShadowMapGenerator.h */ = {isa = PBXFileReference; lastKnownFileType = sourcecode.c.h; name = ShadowMapGenerator.h; path = ../src/ShadowMapGenerator.h; sourceTree = "<group>"; };
		80D3167A1FEBE2DF0079DD72 /* Application.h */ = {isa = PBXFileReference; lastKnownFileType = sourcecode.c.h; name = Application.h; path = ../src/Application.h; sourceTree = "<group>"; };
		80D3167B1FEBE2DF0079DD72 /* BaseShader.cpp */ = {isa = PBXFileReference; lastKnownFileType = sourcecode.cpp.cpp; name = BaseShader.cpp; path = ../src/BaseShader.cpp; sourceTree = "<group>"; };
		80D3167C1FEBE2DF0079DD72 /* Matrix.cpp */ = {isa = PBXFileReference; lastKnownFileType = sourcecode.cpp.cpp; name = Matrix.cpp; path = ../src/Matrix.cpp; sourceTree = "<group>"; };
		80D3167D1FEBE2E00079DD72 /* Rgbimage.h */ = {isa = PBXFileReference; lastKnownFileType = sourcecode.c.h; name = Rgbimage.h; path = ../src/Rgbimage.h; sourceTree = "<group>"; };
		80D3167E1FEBE2E00079DD72 /* Aabb.cpp */ = {isa = PBXFileReference; lastKnownFileType = sourcecode.cpp.cpp; name = Aabb.cpp; path = ../src/Aabb.cpp; sourceTree = "<group>"; };
		80D3167F1FEBE2E00079DD72 /* Camera.cpp */ = {isa = PBXFileReference; lastKnownFileType = sourcecode.cpp.cpp; name = Camera.cpp; path = ../src/Camera.cpp; sourceTree = "<group>"; };
		80D316801FEBE2E00079DD72 /* Framebuffer.cpp */ = {isa = PBXFileReference; lastKnownFileType = sourcecode.cpp.cpp; name = Framebuffer.cpp; path = ../src/Framebuffer.cpp; sourceTree = "<group>"; };
		80D316811FEBE2E00079DD72 /* ShadowMapGenerator.cpp */ = {isa = PBXFileReference; lastKnownFileType = sourcecode.cpp.cpp; name = ShadowMapGenerator.cpp; path = ../src/ShadowMapGenerator.cpp; sourceTree = "<group>"; };
		80D316821FEBE2E00079DD72 /* Vector.cpp */ = {isa = PBXFileReference; lastKnownFileType = sourcecode.cpp.cpp; name = Vector.cpp; path = ../src/Vector.cpp; sourceTree = "<group>"; };
		80D316831FEBE2E00079DD72 /* ConstantShader.cpp */ = {isa = PBXFileReference; lastKnownFileType = sourcecode.cpp.cpp; name = ConstantShader.cpp; path = ../src/ConstantShader.cpp; sourceTree = "<group>"; };
		80D316841FEBE2E00079DD72 /* Texture.cpp */ = {isa = PBXFileReference; lastKnownFileType = sourcecode.cpp.cpp; name = Texture.cpp; path = ../src/Texture.cpp; sourceTree = "<group>"; };
		80D316851FEBE2E00079DD72 /* TrianglePlaneModel.h */ = {isa = PBXFileReference; lastKnownFileType = sourcecode.c.h; name = TrianglePlaneModel.h; path = ../src/TrianglePlaneModel.h; sourceTree = "<group>"; };
		80D316861FEBE2E10079DD72 /* Matrix.h */ = {isa = PBXFileReference; lastKnownFileType = sourcecode.c.h; name = Matrix.h; path = ../src/Matrix.h; sourceTree = "<group>"; };
		80D316871FEBE2E10079DD72 /* LinePlaneModel.cpp */ = {isa = PBXFileReference; lastKnownFileType = sourcecode.cpp.cpp; name = LinePlaneModel.cpp; path = ../src/LinePlaneModel.cpp; sourceTree = "<group>"; };
		80D316881FEBE2E10079DD72 /* TriangleBoxModel.h */ = {isa = PBXFileReference; lastKnownFileType = sourcecode.c.h; name = TriangleBoxModel.h; path = ../src/TriangleBoxModel.h; sourceTree = "<group>"; };
		80D316891FEBE2E10079DD72 /* PhongShader.h */ = {isa = PBXFileReference; lastKnownFileType = sourcecode.c.h; name = PhongShader.h; path = ../src/PhongShader.h; sourceTree = "<group>"; };
		80D3168A1FEBE2E10079DD72 /* Tank.h */ = {isa = PBXFileReference; lastKnownFileType = sourcecode.c.h; name = Tank.h; path = ../src/Tank.h; sourceTree = "<group>"; };
		80D3168B1FEBE2E10079DD72 /* TrianglePlaneModel.cpp */ = {isa = PBXFileReference; lastKnownFileType = sourcecode.cpp.cpp; name = TrianglePlaneModel.cpp; path = ../src/TrianglePlaneModel.cpp; sourceTree = "<group>"; };
		80D3168C1FEBE2E10079DD72 /* VertexBuffer.cpp */ = {isa = PBXFileReference; lastKnownFileType = sourcecode.cpp.cpp; name = VertexBuffer.cpp; path = ../src/VertexBuffer.cpp; sourceTree = "<group>"; };
		80D3168D1FEBE2E20079DD72 /* VertexBuffer.h */ = {isa = PBXFileReference; lastKnownFileType = sourcecode.c.h; name = VertexBuffer.h; path = ../src/VertexBuffer.h; sourceTree = "<group>"; };
		80D3168E1FEBE2E20079DD72 /* BaseModel.cpp */ = {isa = PBXFileReference; lastKnownFileType = sourcecode.cpp.cpp; name = BaseModel.cpp; path = ../src/BaseModel.cpp; sourceTree = "<group>"; };
		80D3168F1FEBE2E20079DD72 /* ShaderLightMapper.cpp */ = {isa = PBXFileReference; lastKnownFileType = sourcecode.cpp.cpp; name = ShaderLightMapper.cpp; path = ../src/ShaderLightMapper.cpp; sourceTree = "<group>"; };
		80D316901FEBE2E20079DD72 /* ShaderLightMapper.h */ = {isa = PBXFileReference; lastKnownFileType = sourcecode.c.h; name = ShaderLightMapper.h; path = ../src/ShaderLightMapper.h; sourceTree = "<group>"; };
		80D316911FEBE2E20079DD72 /* Model.cpp */ = {isa = PBXFileReference; lastKnownFileType = sourcecode.cpp.cpp; name = Model.cpp; path = ../src/Model.cpp; sourceTree = "<group>"; };
		80D316921FEBE2E20079DD72 /* Vector.h */ = {isa = PBXFileReference; lastKnownFileType = sourcecode.c.h; name = Vector.h; path = ../src/Vector.h; sourceTree = "<group>"; };
		80D316931FEBE2E20079DD72 /* TriangleBoxModel.cpp */ = {isa = PBXFileReference; lastKnownFileType = sourcecode.cpp.cpp; name = TriangleBoxModel.cpp; path = ../src/TriangleBoxModel.cpp; sourceTree = "<group>"; };
		80D316941FEBE2E30079DD72 /* main.cpp */ = {isa = PBXFileReference; lastKnownFileType = sourcecode.cpp.cpp; name = main.cpp; path = ../src/main.cpp; sourceTree = "<group>"; };
		80D316951FEBE2E30079DD72 /* Texture.h */ = {isa = PBXFileReference; lastKnownFileType = sourcecode.c.h; name = Texture.h; path = ../src/Texture.h; sourceTree = "<group>"; };
		80D316961FEBE2E30079DD72 /* TriangleSphereModel.h */ = {isa = PBXFileReference; lastKnownFileType = sourcecode.c.h; name = TriangleSphereModel.h; path = ../src/TriangleSphereModel.h; sourceTree = "<group>"; };
		80D316971FEBE2E30079DD72 /* Aabb.h */ = {isa = PBXFileReference; lastKnownFileType = sourcecode.c.h; name = Aabb.h; path = ../src/Aabb.h; sourceTree = "<group>"; };
		80D316981FEBE2E30079DD72 /* Model.h */ = {isa = PBXFileReference; lastKnownFileType = sourcecode.c.h; name = Model.h; path = ../src/Model.h; sourceTree = "<group>"; };
		80D316991FEBE2E30079DD72 /* Color.h */ = {isa = PBXFileReference; lastKnownFileType = sourcecode.c.h; name = Color.h; path = ../src/Color.h; sourceTree = "<group>"; };
		80D3169A1FEBE2E30079DD72 /* IndexBuffer.cpp */ = {isa = PBXFileReference; lastKnownFileType = sourcecode.cpp.cpp; name = IndexBuffer.cpp; path = ../src/IndexBuffer.cpp; sourceTree = "<group>"; };
		80D3169B1FEBE2E40079DD72 /* TriangleSphereModel.cpp */ = {isa = PBXFileReference; lastKnownFileType = sourcecode.cpp.cpp; name = TriangleSphereModel.cpp; path = ../src/TriangleSphereModel.cpp; sourceTree = "<group>"; };
		80D3169C1FEBE2E40079DD72 /* Camera.h */ = {isa = PBXFileReference; lastKnownFileType = sourcecode.c.h; name = Camera.h; path = ../src/Camera.h; sourceTree = "<group>"; };
		80D3169D1FEBE2E40079DD72 /* LineBoxModel.cpp */ = {isa = PBXFileReference; lastKnownFileType = sourcecode.cpp.cpp; name = LineBoxModel.cpp; path = ../src/LineBoxModel.cpp; sourceTree = "<group>"; };
		80D3169E1FEBE2E40079DD72 /* Lights.cpp */ = {isa = PBXFileReference; lastKnownFileType = sourcecode.cpp.cpp; name = Lights.cpp; path = ../src/Lights.cpp; sourceTree = "<group>"; };
		80D3169F1FEBE2E40079DD72 /* Framebuffer.h */ = {isa = PBXFileReference; lastKnownFileType = sourcecode.c.h; name = Framebuffer.h; path = ../src/Framebuffer.h; sourceTree = "<group>"; };
		80D316A01FEBE2E40079DD72 /* Tank.cpp */ = {isa = PBXFileReference; lastKnownFileType = sourcecode.cpp.cpp; name = Tank.cpp; path = ../src/Tank.cpp; sourceTree = "<group>"; };
		80D316A11FEBE2E40079DD72 /* ConstantShader.h */ = {isa = PBXFileReference; lastKnownFileType = sourcecode.c.h; name = ConstantShader.h; path = ../src/ConstantShader.h; sourceTree = "<group>"; };
		80D316A21FEBE2E50079DD72 /* Application.cpp */ = {isa = PBXFileReference; lastKnownFileType = sourcecode.cpp.cpp; name = Application.cpp; path = ../src/Application.cpp; sourceTree = "<group>"; };
		80D316A31FEBE2E50079DD72 /* IndexBuffer.h */ = {isa = PBXFileReference; lastKnownFileType = sourcecode.c.h; name = IndexBuffer.h; path = ../src/IndexBuffer.h; sourceTree = "<group>"; };
		80D316A41FEBE2E50079DD72 /* Color.cpp */ = {isa = PBXFileReference; lastKnownFileType = sourcecode.cpp.cpp; name = Color.cpp; path = ../src/Color.cpp; sourceTree = "<group>"; };
		80D316A51FEBE2E50079DD72 /* Lights.h */ = {isa = PBXFileReference; lastKnownFileType = sourcecode.c.h; name = Lights.h; path = ../src/Lights.h; sourceTree = "<group>"; };
		80D316F21FEBE8820079DD72 /* OpenGL.framework */ = {isa = PBXFileReference; lastKnownFileType = wrapper.framework; name = OpenGL.framework; path = System/Library/Frameworks/OpenGL.framework; sourceTree = SDKROOT; };
		80E003941FED3E6000601BEA /* EgoCam.cpp */ = {isa = PBXFileReference; lastKnownFileType = sourcecode.cpp.cpp; name = EgoCam.cpp; path = ../src/EgoCam.cpp; sourceTree = "<group>"; };
		80E003971FED3E8300601BEA /* EgoCam.h */ = {isa = PBXFileReference; lastKnownFileType = sourcecode.c.h; name = EgoCam.h; path = ../src/EgoCam.h; sourceTree = "<group>"; };
		80E003981FED411B00601BEA /* DebugRender.h */ = {isa = PBXFileReference; lastKnownFileType = sourcecode.c.h; name = DebugRender.h; path = ../src/DebugRender.h; sourceTree = "<group>"; };
		80E003991FED412D00601BEA /* DebugRender.cpp */ = {isa = PBXFileReference; lastKnownFileType = sourcecode.cpp.cpp; name = DebugRender.cpp; path = ../src/DebugRender.cpp; sourceTree = "<group>"; };
/* End PBXFileReference section */

/* Begin PBXFrameworksBuildPhase section */
		7ABD81691DA3C6050008D349 /* Frameworks */ = {
			isa = PBXFrameworksBuildPhase;
			buildActionMask = 2147483647;
			files = (
				808232FC2007EE6F00B3A6A0 /* libglfw.3.3.dylib in Frameworks */,
				8040FAD81FFF76FA004B3A5C /* libassimp.4.1.0.dylib in Frameworks */,
				8040FADA1FFF7703004B3A5C /* libfreeimage.a in Frameworks */,
				80D316F31FEBE8820079DD72 /* OpenGL.framework in Frameworks */,
			);
			runOnlyForDeploymentPostprocessing = 0;
		};
/* End PBXFrameworksBuildPhase section */

/* Begin PBXGroup section */
		7ABD81631DA3C6050008D349 = {
			isa = PBXGroup;
			children = (
				7ABD816E1DA3C6050008D349 /* CGXcode */,
				80D316D91FEBE42E0079DD72 /* Frameworks */,
				80398F27202B684800010C49 /* CGXcode */,
			);
			sourceTree = "<group>";
			usesTabs = 1;
		};
		7ABD816E1DA3C6050008D349 /* CGXcode */ = {
			isa = PBXGroup;
			children = (
				809B2BE2202F1E43005C708C /* SceneManagement */,
				80D316FF1FEBF18A0079DD72 /* Buffer */,
				80D317011FEBF21F0079DD72 /* Entity */,
				80D317021FEBF31B0079DD72 /* Graphic */,
				80D316FC1FEBF1120079DD72 /* Math */,
				80D316FE1FEBF1460079DD72 /* Model */,
				80D316FD1FEBF1330079DD72 /* Shader */,
				80D317001FEBF1D30079DD72 /* Util */,
				80D316941FEBE2E30079DD72 /* main.cpp */,
				80D3167A1FEBE2DF0079DD72 /* Application.h */,
				80D316A21FEBE2E50079DD72 /* Application.cpp */,
				80398D6720289B0900010C49 /* GUIEvents.h */,
				80398D6820289B6300010C49 /* GUIEvents.cpp */,
				80398D6A20289C1D00010C49 /* Constants.h */,
			);
			name = CGXcode;
			sourceTree = "<group>";
		};
		809B2BE2202F1E43005C708C /* SceneManagement */ = {
			isa = PBXGroup;
			children = (
				809B2BDF202F14BE005C708C /* Scene.h */,
				809B2BE0202F14D2005C708C /* Scene.cpp */,
				809B2BE3202F1E6B005C708C /* SceneNode.h */,
				809B2BE4202F1F4A005C708C /* SceneNode.cpp */,
			);
			name = SceneManagement;
			sourceTree = "<group>";
		};
		80D316D91FEBE42E0079DD72 /* Frameworks */ = {
			isa = PBXGroup;
			children = (
				808232F42007E72800B3A6A0 /* libglfw.3.dylib */,
				8040FADB1FFF770C004B3A5C /* libglfw.3.3.dylib */,
				8040FAD91FFF7703004B3A5C /* libfreeimage.a */,
				8040FAD71FFF76FA004B3A5C /* libassimp.4.1.0.dylib */,
				80D316F21FEBE8820079DD72 /* OpenGL.framework */,
			);
			name = Frameworks;
			sourceTree = "<group>";
		};
		80D316FC1FEBF1120079DD72 /* Math */ = {
			isa = PBXGroup;
			children = (
				80D316921FEBE2E20079DD72 /* Vector.h */,
				80D316821FEBE2E00079DD72 /* Vector.cpp */,
				80D316861FEBE2E10079DD72 /* Matrix.h */,
				80D3167C1FEBE2DF0079DD72 /* Matrix.cpp */,
			);
			name = Math;
			sourceTree = "<group>";
		};
		80D316FD1FEBF1330079DD72 /* Shader */ = {
			isa = PBXGroup;
			children = (
				80D316901FEBE2E20079DD72 /* ShaderLightMapper.h */,
				80D3168F1FEBE2E20079DD72 /* ShaderLightMapper.cpp */,
				80D316791FEBE2DF0079DD72 /* ShadowMapGenerator.h */,
				80D316811FEBE2E00079DD72 /* ShadowMapGenerator.cpp */,
				80D316A11FEBE2E40079DD72 /* ConstantShader.h */,
				80D316831FEBE2E00079DD72 /* ConstantShader.cpp */,
				809B2BDE202EC9B9005C708C /* OutlineShader.h */,
				809B2BDC202EC9A3005C708C /* OutlineShader.cpp */,
				80D316731FEBE2DF0079DD72 /* BaseShader.h */,
				80D3167B1FEBE2DF0079DD72 /* BaseShader.cpp */,
				80D316891FEBE2E10079DD72 /* PhongShader.h */,
				80D316781FEBE2DF0079DD72 /* PhongShader.cpp */,
			);
			name = Shader;
			sourceTree = "<group>";
		};
		80D316FE1FEBF1460079DD72 /* Model */ = {
			isa = PBXGroup;
			children = (
				80D316751FEBE2DF0079DD72 /* BaseModel.h */,
				80D3168E1FEBE2E20079DD72 /* BaseModel.cpp */,
				80D316881FEBE2E10079DD72 /* TriangleBoxModel.h */,
				80D316931FEBE2E20079DD72 /* TriangleBoxModel.cpp */,
				80D316851FEBE2E00079DD72 /* TrianglePlaneModel.h */,
				80D3168B1FEBE2E10079DD72 /* TrianglePlaneModel.cpp */,
				80D316961FEBE2E30079DD72 /* TriangleSphereModel.h */,
				80D3169B1FEBE2E40079DD72 /* TriangleSphereModel.cpp */,
				80D316981FEBE2E30079DD72 /* Model.h */,
				80D316911FEBE2E20079DD72 /* Model.cpp */,
				80D316761FEBE2DF0079DD72 /* LineBoxModel.h */,
				80D3169D1FEBE2E40079DD72 /* LineBoxModel.cpp */,
				80D316771FEBE2DF0079DD72 /* LinePlaneModel.h */,
				80D316871FEBE2E10079DD72 /* LinePlaneModel.cpp */,
			);
			name = Model;
			sourceTree = "<group>";
		};
		80D316FF1FEBF18A0079DD72 /* Buffer */ = {
			isa = PBXGroup;
			children = (
				80D3168D1FEBE2E20079DD72 /* VertexBuffer.h */,
				80D3168C1FEBE2E10079DD72 /* VertexBuffer.cpp */,
				80D3169F1FEBE2E40079DD72 /* Framebuffer.h */,
				80D316801FEBE2E00079DD72 /* Framebuffer.cpp */,
				80D316A31FEBE2E50079DD72 /* IndexBuffer.h */,
				80D3169A1FEBE2E30079DD72 /* IndexBuffer.cpp */,
			);
			name = Buffer;
			sourceTree = "<group>";
		};
		80D317001FEBF1D30079DD72 /* Util */ = {
			isa = PBXGroup;
			children = (
				80D316991FEBE2E30079DD72 /* Color.h */,
				80D316A41FEBE2E50079DD72 /* Color.cpp */,
				80D3167D1FEBE2E00079DD72 /* Rgbimage.h */,
				80D316741FEBE2DF0079DD72 /* Rgbimage.cpp */,
			);
			name = Util;
			sourceTree = "<group>";
		};
		80D317011FEBF21F0079DD72 /* Entity */ = {
			isa = PBXGroup;
			children = (
				80398D6B202A025800010C49 /* Coin.cpp */,
				80398F28202B7C8800010C49 /* Coin.h */,
				80398F2A202C514100010C49 /* DeathBlock.h */,
				80398F2B202C516A00010C49 /* DeathBlock.cpp */,
				80D3168A1FEBE2E10079DD72 /* Tank.h */,
				80D316A01FEBE2E40079DD72 /* Tank.cpp */,
			);
			name = Entity;
			sourceTree = "<group>";
		};
		80D317021FEBF31B0079DD72 /* Graphic */ = {
			isa = PBXGroup;
			children = (
				80D3169C1FEBE2E40079DD72 /* Camera.h */,
				80D3167F1FEBE2E00079DD72 /* Camera.cpp */,
				80D316951FEBE2E30079DD72 /* Texture.h */,
				80D316841FEBE2E00079DD72 /* Texture.cpp */,
				80D316971FEBE2E30079DD72 /* Aabb.h */,
				80D3167E1FEBE2E00079DD72 /* Aabb.cpp */,
				80D316A51FEBE2E50079DD72 /* Lights.h */,
				80D3169E1FEBE2E40079DD72 /* Lights.cpp */,
				80E003971FED3E8300601BEA /* EgoCam.h */,
				80E003941FED3E6000601BEA /* EgoCam.cpp */,
				80E003981FED411B00601BEA /* DebugRender.h */,
				80E003991FED412D00601BEA /* DebugRender.cpp */,
			);
			name = Graphic;
			sourceTree = "<group>";
		};
/* End PBXGroup section */

/* Begin PBXNativeTarget section */
		7ABD816B1DA3C6050008D349 /* CGXcode */ = {
			isa = PBXNativeTarget;
			buildConfigurationList = 7ABD81731DA3C6050008D349 /* Build configuration list for PBXNativeTarget "CGXcode" */;
			buildPhases = (
				7ABD81681DA3C6050008D349 /* Sources */,
				7ABD81691DA3C6050008D349 /* Frameworks */,
				7ABD816A1DA3C6050008D349 /* CopyFiles */,
				807ED9B81FE92487009CC5BA /* Resources */,
			);
			buildRules = (
			);
			dependencies = (
			);
			name = CGXcode;
			productName = CGXcode;
			productReference = 80398F27202B684800010C49 /* CGXcode */;
			productType = "com.apple.product-type.tool";
		};
/* End PBXNativeTarget section */

/* Begin PBXProject section */
		7ABD81641DA3C6050008D349 /* Project object */ = {
			isa = PBXProject;
			attributes = {
				LastUpgradeCheck = 0920;
				ORGANIZATIONNAME = "Philipp Lensing";
				TargetAttributes = {
					7ABD816B1DA3C6050008D349 = {
						CreatedOnToolsVersion = 7.3.1;
					};
				};
			};
			buildConfigurationList = 7ABD81671DA3C6050008D349 /* Build configuration list for PBXProject "CGXcode" */;
			compatibilityVersion = "Xcode 3.2";
			developmentRegion = English;
			hasScannedForEncodings = 0;
			knownRegions = (
				en,
			);
			mainGroup = 7ABD81631DA3C6050008D349;
			productRefGroup = 7ABD81631DA3C6050008D349;
			projectDirPath = "";
			projectRoot = "";
			targets = (
				7ABD816B1DA3C6050008D349 /* CGXcode */,
			);
		};
/* End PBXProject section */

/* Begin PBXResourcesBuildPhase section */
		807ED9B81FE92487009CC5BA /* Resources */ = {
			isa = PBXResourcesBuildPhase;
			buildActionMask = 2147483647;
			files = (
			);
			runOnlyForDeploymentPostprocessing = 0;
		};
/* End PBXResourcesBuildPhase section */

/* Begin PBXSourcesBuildPhase section */
		7ABD81681DA3C6050008D349 /* Sources */ = {
			isa = PBXSourcesBuildPhase;
			buildActionMask = 2147483647;
			files = (
				805A7472200A620D0057761B /* VertexBuffer.cpp in Sources */,
				805A7474200A620D0057761B /* Framebuffer.cpp in Sources */,
				805A7476200A620D0057761B /* IndexBuffer.cpp in Sources */,
				805A7478200A620D0057761B /* Tank.cpp in Sources */,
				805A747A200A620D0057761B /* Camera.cpp in Sources */,
				805A747C200A620D0057761B /* Texture.cpp in Sources */,
				809B2BE1202F14D2005C708C /* Scene.cpp in Sources */,
				805A747E200A620D0057761B /* Aabb.cpp in Sources */,
				805A7480200A620D0057761B /* Lights.cpp in Sources */,
				805A7482200A620D0057761B /* EgoCam.cpp in Sources */,
				805A7484200A620D0057761B /* DebugRender.cpp in Sources */,
				805A7486200A620D0057761B /* Vector.cpp in Sources */,
				805A7488200A620D0057761B /* Matrix.cpp in Sources */,
				805A748A200A620D0057761B /* BaseModel.cpp in Sources */,
				805A748C200A620D0057761B /* TriangleBoxModel.cpp in Sources */,
				80398D6920289B6300010C49 /* GUIEvents.cpp in Sources */,
				805A748E200A620D0057761B /* TrianglePlaneModel.cpp in Sources */,
				805A7490200A620D0057761B /* TriangleSphereModel.cpp in Sources */,
				805A7492200A620D0057761B /* Model.cpp in Sources */,
				805A7494200A620D0057761B /* LineBoxModel.cpp in Sources */,
				805A7496200A620D0057761B /* LinePlaneModel.cpp in Sources */,
				805A7498200A620D0057761B /* ConstantShader.cpp in Sources */,
				805A749A200A620D0057761B /* BaseShader.cpp in Sources */,
				805A749C200A620D0057761B /* PhongShader.cpp in Sources */,
				80398F2C202C516A00010C49 /* DeathBlock.cpp in Sources */,
				805A749E200A620D0057761B /* ShaderLightMapper.cpp in Sources */,
				809B2BDD202EC9A3005C708C /* OutlineShader.cpp in Sources */,
				80398D6D202A025900010C49 /* Coin.cpp in Sources */,
				809B2BE5202F1F4A005C708C /* SceneNode.cpp in Sources */,
				805A74A0200A620D0057761B /* ShadowMapGenerator.cpp in Sources */,
				805A74A2200A620D0057761B /* Color.cpp in Sources */,
				805A74A4200A620D0057761B /* Rgbimage.cpp in Sources */,
				805A74A5200A620D0057761B /* main.cpp in Sources */,
				805A74A7200A620D0057761B /* Application.cpp in Sources */,
			);
			runOnlyForDeploymentPostprocessing = 0;
		};
/* End PBXSourcesBuildPhase section */

/* Begin XCBuildConfiguration section */
		7ABD81711DA3C6050008D349 /* Debug */ = {
			isa = XCBuildConfiguration;
			buildSettings = {
				ALWAYS_SEARCH_USER_PATHS = NO;
				CLANG_ANALYZER_NONNULL = YES;
				CLANG_CXX_LANGUAGE_STANDARD = "gnu++0x";
				CLANG_CXX_LIBRARY = "libc++";
				CLANG_ENABLE_MODULES = YES;
				CLANG_ENABLE_OBJC_ARC = YES;
				CLANG_WARN_BLOCK_CAPTURE_AUTORELEASING = YES;
				CLANG_WARN_BOOL_CONVERSION = YES;
				CLANG_WARN_COMMA = YES;
				CLANG_WARN_CONSTANT_CONVERSION = YES;
				CLANG_WARN_DIRECT_OBJC_ISA_USAGE = YES_ERROR;
				CLANG_WARN_EMPTY_BODY = YES;
				CLANG_WARN_ENUM_CONVERSION = YES;
				CLANG_WARN_INFINITE_RECURSION = YES;
				CLANG_WARN_INT_CONVERSION = YES;
				CLANG_WARN_NON_LITERAL_NULL_CONVERSION = YES;
				CLANG_WARN_OBJC_LITERAL_CONVERSION = YES;
				CLANG_WARN_OBJC_ROOT_CLASS = YES_ERROR;
				CLANG_WARN_RANGE_LOOP_ANALYSIS = YES;
				CLANG_WARN_STRICT_PROTOTYPES = YES;
				CLANG_WARN_SUSPICIOUS_MOVE = YES;
				CLANG_WARN_UNREACHABLE_CODE = YES;
				CLANG_WARN__DUPLICATE_METHOD_MATCH = YES;
				CODE_SIGN_IDENTITY = "-";
				COPY_PHASE_STRIP = NO;
				DEBUG_INFORMATION_FORMAT = dwarf;
				ENABLE_STRICT_OBJC_MSGSEND = YES;
				ENABLE_TESTABILITY = YES;
				GCC_C_LANGUAGE_STANDARD = gnu99;
				GCC_DYNAMIC_NO_PIC = NO;
				GCC_NO_COMMON_BLOCKS = YES;
				GCC_OPTIMIZATION_LEVEL = 0;
				GCC_PREPROCESSOR_DEFINITIONS = (
					"DEBUG=1",
					"$(inherited)",
				);
				GCC_WARN_64_TO_32_BIT_CONVERSION = YES;
				GCC_WARN_ABOUT_RETURN_TYPE = YES_ERROR;
				GCC_WARN_UNDECLARED_SELECTOR = YES;
				GCC_WARN_UNINITIALIZED_AUTOS = YES_AGGRESSIVE;
				GCC_WARN_UNUSED_FUNCTION = YES;
				GCC_WARN_UNUSED_VARIABLE = YES;
				HEADER_SEARCH_PATHS = "";
				MACOSX_DEPLOYMENT_TARGET = 10.11;
				MTL_ENABLE_DEBUG_INFO = YES;
				ONLY_ACTIVE_ARCH = YES;
				SDKROOT = macosx;
			};
			name = Debug;
		};
		7ABD81721DA3C6050008D349 /* Release */ = {
			isa = XCBuildConfiguration;
			buildSettings = {
				ALWAYS_SEARCH_USER_PATHS = NO;
				CLANG_ANALYZER_NONNULL = YES;
				CLANG_CXX_LANGUAGE_STANDARD = "gnu++0x";
				CLANG_CXX_LIBRARY = "libc++";
				CLANG_ENABLE_MODULES = YES;
				CLANG_ENABLE_OBJC_ARC = YES;
				CLANG_WARN_BLOCK_CAPTURE_AUTORELEASING = YES;
				CLANG_WARN_BOOL_CONVERSION = YES;
				CLANG_WARN_COMMA = YES;
				CLANG_WARN_CONSTANT_CONVERSION = YES;
				CLANG_WARN_DIRECT_OBJC_ISA_USAGE = YES_ERROR;
				CLANG_WARN_EMPTY_BODY = YES;
				CLANG_WARN_ENUM_CONVERSION = YES;
				CLANG_WARN_INFINITE_RECURSION = YES;
				CLANG_WARN_INT_CONVERSION = YES;
				CLANG_WARN_NON_LITERAL_NULL_CONVERSION = YES;
				CLANG_WARN_OBJC_LITERAL_CONVERSION = YES;
				CLANG_WARN_OBJC_ROOT_CLASS = YES_ERROR;
				CLANG_WARN_RANGE_LOOP_ANALYSIS = YES;
				CLANG_WARN_STRICT_PROTOTYPES = YES;
				CLANG_WARN_SUSPICIOUS_MOVE = YES;
				CLANG_WARN_UNREACHABLE_CODE = YES;
				CLANG_WARN__DUPLICATE_METHOD_MATCH = YES;
				CODE_SIGN_IDENTITY = "-";
				COPY_PHASE_STRIP = NO;
				DEBUG_INFORMATION_FORMAT = "dwarf-with-dsym";
				ENABLE_NS_ASSERTIONS = NO;
				ENABLE_STRICT_OBJC_MSGSEND = YES;
				GCC_C_LANGUAGE_STANDARD = gnu99;
				GCC_NO_COMMON_BLOCKS = YES;
				GCC_WARN_64_TO_32_BIT_CONVERSION = YES;
				GCC_WARN_ABOUT_RETURN_TYPE = YES_ERROR;
				GCC_WARN_UNDECLARED_SELECTOR = YES;
				GCC_WARN_UNINITIALIZED_AUTOS = YES_AGGRESSIVE;
				GCC_WARN_UNUSED_FUNCTION = YES;
				GCC_WARN_UNUSED_VARIABLE = YES;
				HEADER_SEARCH_PATHS = "";
				MACOSX_DEPLOYMENT_TARGET = 10.11;
				MTL_ENABLE_DEBUG_INFO = NO;
				SDKROOT = macosx;
			};
			name = Release;
		};
		7ABD81741DA3C6050008D349 /* Debug */ = {
			isa = XCBuildConfiguration;
			buildSettings = {
				CONFIGURATION_BUILD_DIR = "$(BUILD_DIR)/$(CONFIGURATION)$(EFFECTIVE_PLATFORM_NAME)";
				HEADER_SEARCH_PATHS = (
					thirdparty/glfw/include,
					thirdparty/assimp/include,
					thirdparty/freeimage/include,
				);
				LIBRARY_SEARCH_PATHS = (
					"$(PROJECT_DIR)/thirdparty/glfw",
					"$(PROJECT_DIR)/thirdparty/assimp",
					"$(PROJECT_DIR)/thirdparty/freeimage",
				);
				PRODUCT_NAME = "$(TARGET_NAME)";
				SDKROOT = macosx;
			};
			name = Debug;
		};
		7ABD81751DA3C6050008D349 /* Release */ = {
			isa = XCBuildConfiguration;
			buildSettings = {
				HEADER_SEARCH_PATHS = (
					thirdparty/glfw/include,
					thirdparty/assimp/include,
					thirdparty/freeimage/include,
				);
				LIBRARY_SEARCH_PATHS = (
					"$(PROJECT_DIR)/thirdparty/glfw",
					"$(PROJECT_DIR)/thirdparty/assimp",
					"$(PROJECT_DIR)/thirdparty/freeimage",
				);
				PRODUCT_NAME = "$(TARGET_NAME)";
			};
			name = Release;
		};
/* End XCBuildConfiguration section */

/* Begin XCConfigurationList section */
		7ABD81671DA3C6050008D349 /* Build configuration list for PBXProject "CGXcode" */ = {
			isa = XCConfigurationList;
			buildConfigurations = (
				7ABD81711DA3C6050008D349 /* Debug */,
				7ABD81721DA3C6050008D349 /* Release */,
			);
			defaultConfigurationIsVisible = 0;
			defaultConfigurationName = Release;
		};
		7ABD81731DA3C6050008D349 /* Build configuration list for PBXNativeTarget "CGXcode" */ = {
			isa = XCConfigurationList;
			buildConfigurations = (
				7ABD81741DA3C6050008D349 /* Debug */,
				7ABD81751DA3C6050008D349 /* Release */,
			);
			defaultConfigurationIsVisible = 0;
			defaultConfigurationName = Release;
		};
/* End XCConfigurationList section */
	};
	rootObject = 7ABD81641DA3C6050008D349 /* Project object */;
}
